
Microsoft Visual Studio Solution File, Format Version 12.00
# Visual Studio Version 17
VisualStudioVersion = 17.13.35825.156 d17.13
MinimumVisualStudioVersion = 10.0.40219.1
Project("{FAE04EC0-301F-11D3-BF4B-00C04F79EFBC}") = "THR", "THR.csproj", "{B2D18801-866C-4AF5-A4A6-3E5DB1F9E29E}"
EndProject
Global
	GlobalSection(SolutionConfigurationPlatforms) = preSolution
		Debug|Any CPU = Debug|Any CPU
		Release|Any CPU = Release|Any CPU
	EndGlobalSection
	GlobalSection(ProjectConfigurationPlatforms) = postSolution
		{B2D18801-866C-4AF5-A4A6-3E5DB1F9E29E}.Debug|Any CPU.ActiveCfg = Debug|Any CPU
		{B2D18801-866C-4AF5-A4A6-3E5DB1F9E29E}.Debug|Any CPU.Build.0 = Debug|Any CPU
		{B2D18801-866C-4AF5-A4A6-3E5DB1F9E29E}.Release|Any CPU.ActiveCfg = Release|Any CPU
		{B2D18801-866C-4AF5-A4A6-3E5DB1F9E29E}.Release|Any CPU.Build.0 = Release|Any CPU
	EndGlobalSection
	GlobalSection(SolutionProperties) = preSolution
		HideSolutionNode = FALSE
	EndGlobalSection
	GlobalSection(ExtensibilityGlobals) = postSolution
		SolutionGuid = {EBCF2D0F-93C6-4B73-999E-94AB336F42B2}
	EndGlobalSection
EndGlobal
